github.com/BurntSushi/toml v0.4.1 h1:GaI7EiDXDRfa8VshkTj7Fym7ha+y8/XxIgD2okUIjLw=
github.com/BurntSushi/toml v0.4.1/go.mod h1:CxXYINrC8qIiEnFrOxCa7Jy5BFHlXnUU2pbicEuybxQ=
github.com/aws/aws-sdk-go-v2 v1.9.0 h1:+S+dSqQCN3MSU5vJRu1HqHrq00cJn6heIMU7X9hcsoo=
github.com/aws/aws-sdk-go-v2 v1.9.0/go.mod h1:cK/D0BBs0b/oWPIcX/Z/obahJK1TT7IPVjy53i/mX/4=
github.com/aws/aws-sdk-go-v2/config v1.8.0 h1:O8EMFBOl6tue5gdJJV6U3Ikyl3lqgx6WrulCYrcy2SQ=
github.com/aws/aws-sdk-go-v2/config v1.8.0/go.mod h1:w9+nMZ7soXCe5nT46Ri354SNhXDQ6v+V5wqDjnZE+GY=
github.com/aws/aws-sdk-go-v2/credentials v1.4.0 h1:kmvesfjY861FzlCU9mvAfe01D9aeXcG2ZuC+k9F2YLM=
github.com/aws/aws-sdk-go-v2/credentials v1.4.0/go.mod h1:dgGR+Qq7Wjcd4AOAW5Rf5Tnv3+x7ed6kETXyS9WCuAY=
github.com/aws/aws-sdk-go-v2/feature/ec2/imds v1.5.0 h1:OxTAgH8Y4BXHD6PGCJ8DHx2kaZPCQfSTqmDsdRZFezE=
github.com/aws/aws-sdk-go-v2/feature/ec2/imds v1.5.0/go.mod h1:CpNzHK9VEFUCknu50kkB8z58AH2B5DvPP7ea1LHve/Y=
github.com/aws/aws-sdk-go-v2/internal/ini v1.2.2 h1:d95cddM3yTm4qffj3P6EnP+TzX1SSkWaQypXSgT/hpA=
github.com/aws/aws-sdk-go-v2/internal/ini v1.2.2/go.mod h1:BQV0agm+JEhqR+2RT5e1XTFIDcAAV0eW6z2trp+iduw=
github.com/aws/aws-sdk-go-v2/service/ec2 v1.16.0 h1:ldzPZKVNRgz1kuteSua3m90ypksWIOXeIa6xGpqkxxk=
github.com/aws/aws-sdk-go-v2/service/ec2 v1.16.0/go.mod h1:GtqNN5Z8yibnaxMNDGAgfZ3zY6B5yVH3s0W1Cxx0Z+A=
github.com/aws/aws-sdk-go-v2/service/internal/presigned-url v1.3.0 h1:VNJ5NLBteVXEwE2F1zEXVmyIH58mZ6kIQGJoC7C+vkg=
github.com/aws/aws-sdk-go-v2/service/internal/presigned-url v1.3.0/go.mod h1:R1KK+vY8AfalhG1AOu5e35pOD2SdoPKQCFLTvnxiohk=
github.com/aws/aws-sdk-go-v2/service/sso v1.4.0 h1:sHXMIKYS6YiLPzmKSvDpPmOpJDHxmAUgbiF49YNVztg=
github.com/aws/aws-sdk-go-v2/service/sso v1.4.0/go.mod h1:+1fpWnL96DL23aXPpMGbsmKe8jLTEfbjuQoA4WS1VaA=
github.com/aws/aws-sdk-go-v2/service/sts v1.7.0 h1:1at4e5P+lvHNl2nUktdM2/v+rpICg/QSEr9TO/uW9vU=
github.com/aws/aws-sdk-go-v2/service/sts v1.7.0/go.mod h1:0qcSMCyASQPN2sk/1KQLQ2Fh6yq8wm0HSDAimPhzCoM=
github.com/aws/smithy-go v1.8.0 h1:AEwwwXQZtUwP5Mz506FeXXrKBe0jA8gVM+1gEcSRooc=
github.com/aws/smithy-go v1.8.0/go.mod h1:SObp3lf9smib00L/v3U2eAKG8FyQ7iLrJnQiAmR5n+E=
github.com/davecgh/go-spew v1.1.0 h1:ZDRjVQ15GmhC3fiQ8ni8+OwkZQO4DARzQgrnXU1Liz8=
github.com/davecgh/go-spew v1.1.0/go.mod h1:J7Y8YcW2NihsgmVo/mv3lAwl/skON4iLHjSsI+c5H38=
github.com/gdamore/encoding v1.0.0 h1:+7OoQ1Bc6eTm5niUzBa0Ctsh6JbMW6Ra+YNuAtDBdko=
github.com/gdamore/encoding v1.0.0/go.mod h1:alR0ol34c49FCSBLjhosxzcPHQbf2trDkoo5dl+VrEg=
github.com/gdamore/tcell v1.4.0 h1:vUnHwJRvcPQa3tzi+0QI4U9JINXYJlOz9yiaiPQ2wMU=
github.com/gdamore/tcell v1.4.0/go.mod h1:vxEiSDZdW3L+Uhjii9c3375IlDmR05bzxY404ZVSMo0=
github.com/google/go-cmp v0.5.4/go.mod h1:v8dTdLbMG2kIc/vJvl+f65V22dbkXbowE6jgT/gNBxE=
github.com/google/go-cmp v0.5.6 h1:BKbKCqvP6I+rmFHt06ZmyQtvB8xAkWdhFyr0ZUNZcxQ=
github.com/google/go-cmp v0.5.6/go.mod h1:v8dTdLbMG2kIc/vJvl+f65V22dbkXbowE6jgT/gNBxE=
github.com/hshimamoto/go-iorelay v0.0.0-20201020222359-2da2fb3d13ee h1:+25IL2fmCCFbP0642MefSzjuRP9diYgIVcdgSeIj4wU=
github.com/hshimamoto/go-iorelay v0.0.0-20201020222359-2da2fb3d13ee/go.mod h1:RnNNJphZLQlR3mzcQCGmkbu3XaLJgk4UeK9TYKxhJxY=
github.com/hshimamoto/go-session v0.0.0-20201003040546-6a2734a32e63 h1:Bh9rsBpWoETqZvpIYRiL/7T6Lbdg5SLQtl+im3jTl4A=
github.com/hshimamoto/go-session v0.0.0-20201003040546-6a2734a32e63/go.mod h1:i+PqoiyQzY9mrjdOUjZ8hULiziLys/LEEh0bI0rTQC0=
github.com/jmespath/go-jmespath v0.4.0 h1:BEgLn5cpjn8UN1mAw4NjwDrS35OdebyEtFe+9YPoQUg=
github.com/jmespath/go-jmespath v0.4.0/go.mod h1:T8mJZnbsbmF+m6zOOFylbeCJqk5+pHWvzYPziyZiYoo=
github.com/jmespath/go-jmespath/internal/testify v1.5.1 h1:shLQSRRSCCPj3f2gpwzGwWFoC7ycTf1rcQZHOlsJ6N8=
github.com/jmespath/go-jmespath/internal/testify v1.5.1/go.mod h1:L3OGu8Wl2/fWfCI6z80xFu9LTZmf1ZRjMHUOPmWr69U=
github.com/lucasb-eyer/go-colorful v1.0.3 h1:QIbQXiugsb+q10B+MI+7DI1oQLdmnep86tWFlaaUAac=
github.com/lucasb-eyer/go-colorful v1.0.3/go.mod h1:R4dSotOR9KMtayYi1e77YzuveK+i7ruzyGqttikkLy0=
github.com/mattn/go-runewidth v0.0.7/go.mod h1:H031xJmbD/WCDINGzjvQ9THkh0rPKHF+m2gUSrubnMI=
github.com/mattn/go-runewidth v0.0.9 h1:Lm995f3rfxdpd6TSmuVCHVb/QhupuXlYr8sCI/QdE+0=
github.com/mattn/go-runewidth v0.0.9/go.mod h1:H031xJmbD/WCDINGzjvQ9THkh0rPKHF+m2gUSrubnMI=
github.com/mxk/go-flowrate v0.0.0-20140419014527-cca7078d478f h1:y5//uYreIhSUg3J1GEMiLbxo1LJaP8RfCpH6pymGZus=
github.com/mxk/go-flowrate v0.0.0-20140419014527-cca7078d478f/go.mod h1:ZdcZmHo+o7JKHSa8/e818NopupXU1YMK5fe1lsApnBw=
github.com/nsf/termbox-go v1.1.1 h1:nksUPLCb73Q++DwbYUBEglYBRPZyoXJdrj5L+TkjyZY=
github.com/nsf/termbox-go v1.1.1/go.mod h1:T0cTdVuOwf7pHQNtfhnEbzHbcNyCEcVU4YPpouCbVxo=
github.com/pmezard/go-difflib v1.0.0 h1:4DBwDE0NGyQoBHbLQYPwSUPoCMWR5BEzIk/f1lZbAQM=
github.com/pmezard/go-difflib v1.0.0/go.mod h1:iKH77koFhYxTK1pcRnkKkqfTogsbg7gZNVY4sRDYZ/4=
github.com/stretchr/objx v0.1.0/go.mod h1:HFkY916IF+rwdDfMAkV7OtwuqBVzrE8GR6GFx+wExME=
golang.org/x/crypto v0.0.0-20210817164053-32db794688a5 h1:HWj/xjIHfjYU5nVXpTM0s39J9CbLn7Cc5a7IC5rwsMQ=
golang.org/x/crypto v0.0.0-20210817164053-32db794688a5/go.mod h1:GvvjBRRGRdwPK5ydBHafDWAxML/pGHZbMvKqRZ5+Abc=
golang.org/x/net v0.0.0-20210226172049-e18ecbb05110/go.mod h1:m0MpNAwzfU5UDzcl9v0D8zg8gWTRqZa9RBIspLL5mdg=
golang.org/x/sys v0.0.0-20190626150813-e07cf5db2756/go.mod h1:h1NjWce9XRLGQEsW7wpKNCjG9DtNlClVuFLEZdDNbEs=
golang.org/x/sys v0.0.0-20201119102817-f84b799fce68/go.mod h1:h1NjWce9XRLGQEsW7wpKNCjG9DtNlClVuFLEZdDNbEs=
golang.org/x/sys v0.0.0-20210615035016-665e8c7367d1 h1:SrN+KX8Art/Sf4HNj6Zcz06G7VEz+7w9tdXTPOZ7+l4=
golang.org/x/sys v0.0.0-20210615035016-665e8c7367d1/go.mod h1:oPkhp1MJrh7nUepCBck5+mAzfO9JrbApNNgaTdGDITg=
golang.org/x/term v0.0.0-20201126162022-7de9c90e9dd1 h1:v+OssWQX+hTHEmOBgwxdZxK4zHq3yOs8F9J7mk0PY8E=
golang.org/x/term v0.0.0-20201126162022-7de9c90e9dd1/go.mod h1:bj7SfCRtBDWHUb9snDiAeCFNEtKQo2Wmx5Cou7ajbmo=
golang.org/x/text v0.3.0/go.mod h1:NqM8EUOU14njkJ3fqMW+pc6Ldnwhi/IjpwHt7yyuwOQ=
golang.org/x/text v0.3.3 h1:cokOdA+Jmi5PJGXLlLllQSgYigAEfHXJAERHVMaCc2k=
golang.org/x/text v0.3.3/go.mod h1:5Zoc/QRtKVWzQhOtBMvqHzDpF6irO9z98xDceosuGiQ=
golang.org/x/tools v0.0.0-20180917221912-90fa682c2a6e/go.mod h1:n7NCudcB/nEzxVGmLbDWY5pfWTLqBcC2KZ6jyYvM4mQ=
golang.org/x/xerrors v0.0.0-20191204190536-9bdfabe68543 h1:E7g+9GITq07hpfrRu66IVDexMakfv52eLZ2CXBWiKr4=
golang.org/x/xerrors v0.0.0-20191204190536-9bdfabe68543/go.mod h1:I/5z698sn9Ka8TeJc9MKroUUfqBBauWjQqLJ2OPfmY0=
gopkg.in/check.v1 v0.0.0-20161208181325-20d25e280405/go.mod h1:Co6ibVJAznAaIkqp8huTwlJQCZ016jof/cbN4VW5Yz0=
gopkg.in/yaml.v2 v2.2.8 h1:obN1ZagJSUGI0Ek/LBmuj4SNLPfIny3KsKFopxRdj10=
gopkg.in/yaml.v2 v2.2.8/go.mod h1:hI93XBmqTisBFMUTm0b8Fm+jr3Dg1NNxqwp+5A1VGuI=
